
Microsoft Visual Studio Solution File, Format Version 12.00
# Visual Studio Version 16
VisualStudioVersion = 16.0.28729.10
MinimumVisualStudioVersion = 10.0.40219.1
Project("{FAE04EC0-301F-11D3-BF4B-00C04F79EFBC}") = "All-in-One CSM Software with Point of Sales - Latest", "All-in-One CSM Software with Point of Sales - Latest.csproj", "{BA559FE2-02F9-43E8-8CEF-A284FC0424B5}"
EndProject
Global
	GlobalSection(SolutionConfigurationPlatforms) = preSolution
		Debug|Any CPU = Debug|Any CPU
		Release|Any CPU = Release|Any CPU
	EndGlobalSection
	GlobalSection(ProjectConfigurationPlatforms) = postSolution
		{BA559FE2-02F9-43E8-8CEF-A284FC0424B5}.Debug|Any CPU.ActiveCfg = Debug|Any CPU
		{BA559FE2-02F9-43E8-8CEF-A284FC0424B5}.Debug|Any CPU.Build.0 = Debug|Any CPU
		{BA559FE2-02F9-43E8-8CEF-A284FC0424B5}.Release|Any CPU.ActiveCfg = Release|Any CPU
		{BA559FE2-02F9-43E8-8CEF-A284FC0424B5}.Release|Any CPU.Build.0 = Release|Any CPU
	EndGlobalSection
	GlobalSection(SolutionProperties) = preSolution
		HideSolutionNode = FALSE
	EndGlobalSection
	GlobalSection(ExtensibilityGlobals) = postSolution
		SolutionGuid = {CC9B882D-FBB6-46B0-80EC-3A4A9249260C}
	EndGlobalSection
EndGlobal
